
Microsoft Visual Studio Solution File, Format Version 12.00
# Visual Studio 14
VisualStudioVersion = 14.0.25123.0
MinimumVisualStudioVersion = 10.0.40219.1
Project("{FAE04EC0-301F-11D3-BF4B-00C04F79EFBC}") = "EtwStream.Core", "EtwStream.Core\EtwStream.Core.csproj", "{160A1602-5FA5-4E54-A2B0-21BD33FE06F3}"
EndProject
Project("{2150E333-8FDC-42A3-9474-1A3956D46DE8}") = ".nuget", ".nuget", "{492B475A-D99D-4C78-B707-45DFCB290BF4}"
	ProjectSection(SolutionItems) = preProject
		.nuget\EtwStream.InProcess.nuspec = .nuget\EtwStream.InProcess.nuspec
		.nuget\EtwStream.LinqPad.nuspec = .nuget\EtwStream.LinqPad.nuspec
		.nuget\EtwStream.nuspec = .nuget\EtwStream.nuspec
		.nuget\NuGet.Config = .nuget\NuGet.Config
		.nuget\NuGet.exe = .nuget\NuGet.exe
		.nuget\NuGet.targets = .nuget\NuGet.targets
		.nuget\pack.bat = .nuget\pack.bat
		.nuget\push.bat = .nuget\push.bat
	EndProjectSection
EndProject
Project("{FAE04EC0-301F-11D3-BF4B-00C04F79EFBC}") = "EtwStream.LinqPad", "EtwStream.LinqPad\EtwStream.LinqPad.csproj", "{7482323F-72A0-4F8D-A3B5-D15822D32627}"
EndProject
Project("{FAE04EC0-301F-11D3-BF4B-00C04F79EFBC}") = "SampleEventSource", "SampleEventSource\SampleEventSource.csproj", "{451C33DB-7E55-4769-8F1F-DB70503A1107}"
EndProject
Project("{FAE04EC0-301F-11D3-BF4B-00C04F79EFBC}") = "EtwStream.Service", "EtwStream.Service\EtwStream.Service.csproj", "{0D5B543D-5156-43BC-AEDB-97D3404A8DAE}"
EndProject
Project("{FAE04EC0-301F-11D3-BF4B-00C04F79EFBC}") = "LoggerPerformance", "LoggerPerformance\LoggerPerformance.csproj", "{BC354408-3172-410B-9B74-EF377818906E}"
EndProject
Project("{D954291E-2A0B-460D-934E-DC6B0785DB48}") = "EtwStream", "EtwStream\EtwStream.shproj", "{7D6B5012-7065-4177-9C8A-46766C41AA59}"
EndProject
Project("{FAE04EC0-301F-11D3-BF4B-00C04F79EFBC}") = "EtwStream.InProcess", "EtwStream.InProcess\EtwStream.InProcess.csproj", "{0C93F26E-3886-4D66-80EA-341896B91A95}"
EndProject
Project("{FAE04EC0-301F-11D3-BF4B-00C04F79EFBC}") = "EtwStream.Remote", "EtwStream.Remote\EtwStream.Remote.csproj", "{402021D2-484F-42B4-8A32-A49798CDF966}"
EndProject
Global
	GlobalSection(SharedMSBuildProjectFiles) = preSolution
		EtwStream\EtwStream.projitems*{0c93f26e-3886-4d66-80ea-341896b91a95}*SharedItemsImports = 4
		EtwStream\EtwStream.projitems*{7d6b5012-7065-4177-9c8a-46766c41aa59}*SharedItemsImports = 13
		EtwStream\EtwStream.projitems*{160a1602-5fa5-4e54-a2b0-21bd33fe06f3}*SharedItemsImports = 4
	EndGlobalSection
	GlobalSection(SolutionConfigurationPlatforms) = preSolution
		Debug|Any CPU = Debug|Any CPU
		Release|Any CPU = Release|Any CPU
	EndGlobalSection
	GlobalSection(ProjectConfigurationPlatforms) = postSolution
		{160A1602-5FA5-4E54-A2B0-21BD33FE06F3}.Debug|Any CPU.ActiveCfg = Debug|Any CPU
		{160A1602-5FA5-4E54-A2B0-21BD33FE06F3}.Debug|Any CPU.Build.0 = Debug|Any CPU
		{160A1602-5FA5-4E54-A2B0-21BD33FE06F3}.Release|Any CPU.ActiveCfg = Release|Any CPU
		{160A1602-5FA5-4E54-A2B0-21BD33FE06F3}.Release|Any CPU.Build.0 = Release|Any CPU
		{7482323F-72A0-4F8D-A3B5-D15822D32627}.Debug|Any CPU.ActiveCfg = Debug|Any CPU
		{7482323F-72A0-4F8D-A3B5-D15822D32627}.Debug|Any CPU.Build.0 = Debug|Any CPU
		{7482323F-72A0-4F8D-A3B5-D15822D32627}.Release|Any CPU.ActiveCfg = Release|Any CPU
		{7482323F-72A0-4F8D-A3B5-D15822D32627}.Release|Any CPU.Build.0 = Release|Any CPU
		{451C33DB-7E55-4769-8F1F-DB70503A1107}.Debug|Any CPU.ActiveCfg = Debug|Any CPU
		{451C33DB-7E55-4769-8F1F-DB70503A1107}.Debug|Any CPU.Build.0 = Debug|Any CPU
		{451C33DB-7E55-4769-8F1F-DB70503A1107}.Release|Any CPU.ActiveCfg = Release|Any CPU
		{451C33DB-7E55-4769-8F1F-DB70503A1107}.Release|Any CPU.Build.0 = Release|Any CPU
		{0D5B543D-5156-43BC-AEDB-97D3404A8DAE}.Debug|Any CPU.ActiveCfg = Debug|Any CPU
		{0D5B543D-5156-43BC-AEDB-97D3404A8DAE}.Debug|Any CPU.Build.0 = Debug|Any CPU
		{0D5B543D-5156-43BC-AEDB-97D3404A8DAE}.Release|Any CPU.ActiveCfg = Release|Any CPU
		{0D5B543D-5156-43BC-AEDB-97D3404A8DAE}.Release|Any CPU.Build.0 = Release|Any CPU
		{BC354408-3172-410B-9B74-EF377818906E}.Debug|Any CPU.ActiveCfg = Debug|Any CPU
		{BC354408-3172-410B-9B74-EF377818906E}.Debug|Any CPU.Build.0 = Debug|Any CPU
		{BC354408-3172-410B-9B74-EF377818906E}.Release|Any CPU.ActiveCfg = Release|Any CPU
		{BC354408-3172-410B-9B74-EF377818906E}.Release|Any CPU.Build.0 = Release|Any CPU
		{0C93F26E-3886-4D66-80EA-341896B91A95}.Debug|Any CPU.ActiveCfg = Debug|Any CPU
		{0C93F26E-3886-4D66-80EA-341896B91A95}.Debug|Any CPU.Build.0 = Debug|Any CPU
		{0C93F26E-3886-4D66-80EA-341896B91A95}.Release|Any CPU.ActiveCfg = Release|Any CPU
		{0C93F26E-3886-4D66-80EA-341896B91A95}.Release|Any CPU.Build.0 = Release|Any CPU
		{402021D2-484F-42B4-8A32-A49798CDF966}.Debug|Any CPU.ActiveCfg = Debug|Any CPU
		{402021D2-484F-42B4-8A32-A49798CDF966}.Debug|Any CPU.Build.0 = Debug|Any CPU
		{402021D2-484F-42B4-8A32-A49798CDF966}.Release|Any CPU.ActiveCfg = Release|Any CPU
		{402021D2-484F-42B4-8A32-A49798CDF966}.Release|Any CPU.Build.0 = Release|Any CPU
	EndGlobalSection
	GlobalSection(SolutionProperties) = preSolution
		HideSolutionNode = FALSE
	EndGlobalSection
EndGlobal
